# THIS IS AN AUTOGENERATED FILE. DO NOT EDIT THIS FILE DIRECTLY.
# yarn lockfile v1


"@hono/node-server@^1.11.0":
  version "1.12.0"
  resolved "https://registry.yarnpkg.com/@hono/node-server/-/node-server-1.12.0.tgz#e0a8e93811c96e3bb9fc29ba23915989bd477995"
  integrity sha512-e6oHjNiErRxsZRZBmc2KucuvY3btlO/XPncIpP2X75bRdTilF9GLjm3NHvKKunpJbbJJj31/FoPTksTf8djAVw==

"@hono/oauth-providers@^0.6.1":
  version "0.6.1"
  resolved "https://registry.yarnpkg.com/@hono/oauth-providers/-/oauth-providers-0.6.1.tgz#b2916ec2064752ebab83fc43d442edc3f478e7bf"
  integrity sha512-aL7lyACqQLGAkZ65GFTRGD8dY5qgiUvF8vmY681XdONlg1y+PLRi+nvZg36yxmSboCMk/17DTXlRf3f3NVMPfQ==

cookie@0.6.0:
  version "0.6.0"
  resolved "https://registry.yarnpkg.com/cookie/-/cookie-0.6.0.tgz#2798b04b071b0ecbff0dbb62a505a8efa4e19051"
  integrity sha512-U71cyTamuh1CRNCfpGY6to28lxvNwPG4Guz/EVjgf3Jmzv0vlDp1atT9eS5dDjMYHucpHbWns6Lwf3BKz6svdw==

hono@^4.2.7:
  version "4.5.5"
  resolved "https://registry.yarnpkg.com/hono/-/hono-4.5.5.tgz#18090b0e6f16359f33b80658821697250a1147db"
  integrity sha512-fXBXHqaVfimWofbelLXci8pZyIwBMkDIwCa4OwZvK+xVbEyYLELVP4DfbGaj1aEM6ZY3hHgs4qLvCO2ChkhgQw==

iron-session@^8.0.3:
  version "8.0.3"
  resolved "https://registry.yarnpkg.com/iron-session/-/iron-session-8.0.3.tgz#e3b7d9efdd650d3bfd15881c4cbb34a0089f9651"
  integrity sha512-WtDX0griBliMoR6hGoU3SlefW+VSbfHrIVqURQ0Nbg/Pd+nj7VDsKV+sx0FHjyUCaO02YoYV5v+kW0PqvFJISQ==
  dependencies:
    cookie "0.6.0"
    iron-webcrypto "1.2.1"
    uncrypto "0.1.3"

iron-webcrypto@1.2.1:
  version "1.2.1"
  resolved "https://registry.yarnpkg.com/iron-webcrypto/-/iron-webcrypto-1.2.1.tgz#aa60ff2aa10550630f4c0b11fd2442becdb35a6f"
  integrity sha512-feOM6FaSr6rEABp/eDfVseKyTMDt+KGpeB35SkVn9Tyn0CqvVsY3EwI0v5i8nMHyJnzCIQf7nsy3p41TPkJZhg==

uncrypto@0.1.3:
  version "0.1.3"
  resolved "https://registry.yarnpkg.com/uncrypto/-/uncrypto-0.1.3.tgz#e1288d609226f2d02d8d69ee861fa20d8348ef2b"
  integrity sha512-Ql87qFHB3s/De2ClA9e0gsnS6zXG27SkTiSJwjCc9MebbfapQfuPzumMIUMi38ezPZVNFcHI9sUIepeQfw8J8Q==
