# THIS IS AN AUTOGENERATED FILE. DO NOT EDIT THIS FILE DIRECTLY.
# yarn lockfile v1


"@hono/node-server@^1.11.0":
  version "1.12.0"
  resolved "https://registry.yarnpkg.com/@hono/node-server/-/node-server-1.12.0.tgz#e0a8e93811c96e3bb9fc29ba23915989bd477995"
  integrity sha512-e6oHjNiErRxsZRZBmc2KucuvY3btlO/XPncIpP2X75bRdTilF9GLjm3NHvKKunpJbbJJj31/FoPTksTf8djAVw==

hono@^4.2.7:
  version "4.5.5"
  resolved "https://registry.yarnpkg.com/hono/-/hono-4.5.5.tgz#18090b0e6f16359f33b80658821697250a1147db"
  integrity sha512-fXBXHqaVfimWofbelLXci8pZyIwBMkDIwCa4OwZvK+xVbEyYLELVP4DfbGaj1aEM6ZY3hHgs4qLvCO2ChkhgQw==
